<?xml version="1.0" encoding="UTF-8" standalone="yes" ?>
<CodeBlocks_project_file>
	<FileVersion major="1" minor="6" />
	<Project>
		<Option title="Juden1-6-master" />
		<Option pch_mode="2" />
		<Option compiler="gcc" />
		<Build>
			<Target title="ClientDebug">
				<Option output="bin/Debug/Juden1-6-master" prefix_auto="1" extension_auto="1" />
				<Option object_output="obj/Debug/" />
				<Option type="1" />
				<Option compiler="gcc" />
				<Compiler>
					<Add option="-g" />
				</Compiler>
			</Target>
			<Target title="ClientRelease">
				<Option output="bin/Release/Juden1-6-master" prefix_auto="1" extension_auto="1" />
				<Option object_output="obj/Release/" />
				<Option type="1" />
				<Option compiler="gcc" />
				<Compiler>
					<Add option="-O2" />
				</Compiler>
				<Linker>
					<Add option="-s" />
				</Linker>
			</Target>
			<Target title="ServerDebug">
				<Option output="bin/Debug/Juden1-6-master" prefix_auto="1" extension_auto="1" />
				<Option object_output="obj/Debug/" />
				<Option type="1" />
				<Option compiler="gcc" />
				<Compiler>
					<Add option="-g" />
				</Compiler>
			</Target>
			<Target title="ServerRelease">
				<Option output="bin/Release/Juden1-6-master" prefix_auto="1" extension_auto="1" />
				<Option object_output="obj/Release/" />
				<Option type="1" />
				<Option compiler="gcc" />
				<Compiler>
					<Add option="-O2" />
				</Compiler>
				<Linker>
					<Add option="-s" />
				</Linker>
			</Target>
		</Build>
		<Compiler>
			<Add option="-Wall" />
			<Add directory="/usr/include/OGRE" />
			<Add directory="/usr/include/OIS" />
			<Add directory="/usr/include/SFML" />
		</Compiler>
		<Linker>
			<Add library="/usr/lib/libOgreMain.so" />
			<Add library="/usr/lib/libboost_system.so" />
			<Add library="/usr/lib/libOpenGL.so" />
			<Add library="/usr/lib/libOgreOverlay.so" />
			<Add library="/usr/lib/libOIS.so" />
			<Add directory="/usr/lib/" />
		</Linker>
		<Unit filename="AbstractAppState.cpp">
			<Option target="ClientDebug" />
			<Option target="ClientRelease" />
		</Unit>
		<Unit filename="AbstractAppState.h">
			<Option target="ClientDebug" />
			<Option target="ClientRelease" />
		</Unit>
		<Unit filename="ActiveGameState.h">
			<Option target="ClientDebug" />
			<Option target="ClientRelease" />
		</Unit>
		<Unit filename="Button.cpp">
			<Option target="ClientDebug" />
			<Option target="ClientRelease" />
		</Unit>
		<Unit filename="Button.h">
			<Option target="ClientDebug" />
			<Option target="ClientRelease" />
		</Unit>
		<Unit filename="Checkbox.cpp">
			<Option target="ClientDebug" />
			<Option target="ClientRelease" />
		</Unit>
		<Unit filename="Checkbox.h">
			<Option target="ClientDebug" />
			<Option target="ClientRelease" />
		</Unit>
		<Unit filename="ClientListencer.cpp">
			<Option target="ClientDebug" />
			<Option target="ClientRelease" />
		</Unit>
		<Unit filename="ClientListener.h">
			<Option target="ClientDebug" />
			<Option target="ClientRelease" />
		</Unit>
		<Unit filename="ClientMain.cpp">
			<Option target="ClientDebug" />
			<Option target="ClientRelease" />
		</Unit>
		<Unit filename="ClientMain.h">
			<Option target="ClientDebug" />
			<Option target="ClientRelease" />
		</Unit>
		<Unit filename="DefConfigs.h" />
		<Unit filename="ExitButton.cpp">
			<Option target="ClientDebug" />
			<Option target="ClientRelease" />
		</Unit>
		<Unit filename="ExitButton.h">
			<Option target="ClientDebug" />
			<Option target="ClientRelease" />
		</Unit>
		<Unit filename="FontData.h" />
		<Unit filename="GameManager.cpp">
			<Option target="ClientDebug" />
			<Option target="ClientRelease" />
		</Unit>
		<Unit filename="GameManager.h">
			<Option target="ClientDebug" />
			<Option target="ClientRelease" />
		</Unit>
		<Unit filename="GuiAppState.cpp">
			<Option target="ClientDebug" />
			<Option target="ClientRelease" />
		</Unit>
		<Unit filename="GuiAppState.h">
			<Option target="ClientDebug" />
			<Option target="ClientRelease" />
		</Unit>
		<Unit filename="GuiRect.cpp">
			<Option target="ClientDebug" />
			<Option target="ClientRelease" />
		</Unit>
		<Unit filename="GuiRect.h">
			<Option target="ClientDebug" />
			<Option target="ClientRelease" />
		</Unit>
		<Unit filename="GuiText.cpp">
			<Option target="ClientDebug" />
			<Option target="ClientRelease" />
		</Unit>
		<Unit filename="GuiText.h">
			<Option target="ClientDebug" />
			<Option target="ClientRelease" />
		</Unit>
		<Unit filename="InGameAppState.h">
			<Option target="ClientDebug" />
			<Option target="ClientRelease" />
		</Unit>
		<Unit filename="InputManager.cpp">
			<Option target="ClientDebug" />
			<Option target="ClientRelease" />
		</Unit>
		<Unit filename="InputManager.h">
			<Option target="ClientDebug" />
			<Option target="ClientRelease" />
		</Unit>
		<Unit filename="Key.cpp">
			<Option target="ClientDebug" />
			<Option target="ClientRelease" />
		</Unit>
		<Unit filename="Key.h">
			<Option target="ClientDebug" />
			<Option target="ClientRelease" />
		</Unit>
		<Unit filename="Listbox.cpp">
			<Option target="ClientDebug" />
			<Option target="ClientRelease" />
		</Unit>
		<Unit filename="Listbox.h">
			<Option target="ClientDebug" />
			<Option target="ClientRelease" />
		</Unit>
		<Unit filename="OptionsButton.cpp">
			<Option target="ClientDebug" />
			<Option target="ClientRelease" />
		</Unit>
		<Unit filename="OptionsButton.h">
			<Option target="ClientDebug" />
			<Option target="ClientRelease" />
		</Unit>
		<Unit filename="Player.cpp" />
		<Unit filename="Player.h" />
		<Unit filename="Projectile.h" />
		<Unit filename="ServerListener.h">
			<Option target="ServerDebug" />
			<Option target="ServerRelease" />
		</Unit>
		<Unit filename="ServerMain.cpp">
			<Option target="ServerDebug" />
			<Option target="ServerRelease" />
		</Unit>
		<Unit filename="ServerMain.h">
			<Option target="ServerDebug" />
			<Option target="ServerRelease" />
		</Unit>
		<Unit filename="Slider.cpp">
			<Option target="ClientDebug" />
			<Option target="ClientRelease" />
		</Unit>
		<Unit filename="Slider.h">
			<Option target="ClientDebug" />
			<Option target="ClientRelease" />
		</Unit>
		<Unit filename="StateManager.cpp">
			<Option target="ClientDebug" />
			<Option target="ClientRelease" />
		</Unit>
		<Unit filename="StateManager.h">
			<Option target="ClientDebug" />
			<Option target="ClientRelease" />
		</Unit>
		<Unit filename="Textbox.cpp">
			<Option target="ClientDebug" />
			<Option target="ClientRelease" />
		</Unit>
		<Unit filename="Textbox.h">
			<Option target="ClientDebug" />
			<Option target="ClientRelease" />
		</Unit>
		<Unit filename="Util.cpp" />
		<Unit filename="Util.h" />
		<Unit filename="Weapon.h" />
		<Extensions>
			<code_completion>
				<search_path add="/home/dominykas/c++/Juden1-6-master" />
				<search_path add="/usr/include/OGRE" />
				<search_path add="/usr/include/OIS" />
			</code_completion>
			<envvars />
			<lib_finder disable_auto="1" />
			<debugger />
		</Extensions>
	</Project>
</CodeBlocks_project_file>
